
Microsoft Visual Studio Solution File, Format Version 12.00
# Visual Studio Version 17
VisualStudioVersion = 17.4.33403.182
MinimumVisualStudioVersion = 10.0.40219.1
Project("{9A19103F-16F7-4668-BE54-9A1E7A4F7556}") = "Fitness", "Fitness\Fitness.csproj", "{ADF54711-4A80-495A-B49C-D8A9E5FC52A4}"
EndProject
Global
	GlobalSection(SolutionConfigurationPlatforms) = preSolution
		Debug|Any CPU = Debug|Any CPU
		Release|Any CPU = Release|Any CPU
	EndGlobalSection
	GlobalSection(ProjectConfigurationPlatforms) = postSolution
		{ADF54711-4A80-495A-B49C-D8A9E5FC52A4}.Debug|Any CPU.ActiveCfg = Debug|Any CPU
		{ADF54711-4A80-495A-B49C-D8A9E5FC52A4}.Debug|Any CPU.Build.0 = Debug|Any CPU
		{ADF54711-4A80-495A-B49C-D8A9E5FC52A4}.Release|Any CPU.ActiveCfg = Release|Any CPU
		{ADF54711-4A80-495A-B49C-D8A9E5FC52A4}.Release|Any CPU.Build.0 = Release|Any CPU
	EndGlobalSection
	GlobalSection(SolutionProperties) = preSolution
		HideSolutionNode = FALSE
	EndGlobalSection
	GlobalSection(ExtensibilityGlobals) = postSolution
		SolutionGuid = {B02AF807-7D25-4D70-BCF7-FA27136171DD}
	EndGlobalSection
EndGlobal
